
Microsoft Visual Studio Solution File, Format Version 12.00
# Visual Studio Version 17
VisualStudioVersion = 17.14.36518.9 d17.14
MinimumVisualStudioVersion = 10.0.40219.1
Project("{FAE04EC0-301F-11D3-BF4B-00C04F79EFBC}") = "Amigoz", "Amigoz\Amigoz.csproj", "{EEFE4484-A87A-49C5-890E-AD901FAB7F85}"
EndProject
Global
	GlobalSection(SolutionConfigurationPlatforms) = preSolution
		Debug|Any CPU = Debug|Any CPU
		Release|Any CPU = Release|Any CPU
	EndGlobalSection
	GlobalSection(ProjectConfigurationPlatforms) = postSolution
		{EEFE4484-A87A-49C5-890E-AD901FAB7F85}.Debug|Any CPU.ActiveCfg = Debug|Any CPU
		{EEFE4484-A87A-49C5-890E-AD901FAB7F85}.Debug|Any CPU.Build.0 = Debug|Any CPU
		{EEFE4484-A87A-49C5-890E-AD901FAB7F85}.Release|Any CPU.ActiveCfg = Release|Any CPU
		{EEFE4484-A87A-49C5-890E-AD901FAB7F85}.Release|Any CPU.Build.0 = Release|Any CPU
	EndGlobalSection
	GlobalSection(SolutionProperties) = preSolution
		HideSolutionNode = FALSE
	EndGlobalSection
	GlobalSection(ExtensibilityGlobals) = postSolution
		SolutionGuid = {0621E430-E405-47DC-B730-FB3BB76AD863}
	EndGlobalSection
EndGlobal
